{
  "name": "server_python",
  "lockfileVersion": 3,
  "requires": true,
  "packages": {
    "": {
      "dependencies": {
        "pdfobject": "^2.3.1"
      }
    },
    "node_modules/pdfobject": {
      "version": "2.3.1",
      "resolved": "https://registry.npmjs.org/pdfobject/-/pdfobject-2.3.1.tgz",
      "integrity": "sha512-vluuGiSDmMGpOvWFGiUY4trNB8aGKLDVxIXuuGHjX0kK3bMxCANUVtLivctE7uejLBScWCnbVarKatFVvdwXaQ==",
      "license": "MIT"
    }
  }
}
